
Microsoft Visual Studio Solution File, Format Version 12.00
# Visual Studio 15
VisualStudioVersion = 15.0.28307.902
MinimumVisualStudioVersion = 10.0.40219.1
Project("{FAE04EC0-301F-11D3-BF4B-00C04F79EFBC}") = "VendingMashine", "VendingMashine\VendingMashine.csproj", "{A8A81A8A-689F-423C-B616-278CC77B5CA3}"
EndProject
Project("{FAE04EC0-301F-11D3-BF4B-00C04F79EFBC}") = "VendingMashineTest", "VendingMashineTest\VendingMashineTest.csproj", "{0DB83326-BE48-4838-B499-9DC086A1F72F}"
EndProject
Global
	GlobalSection(SolutionConfigurationPlatforms) = preSolution
		Debug|Any CPU = Debug|Any CPU
		Release|Any CPU = Release|Any CPU
	EndGlobalSection
	GlobalSection(ProjectConfigurationPlatforms) = postSolution
		{A8A81A8A-689F-423C-B616-278CC77B5CA3}.Debug|Any CPU.ActiveCfg = Debug|Any CPU
		{A8A81A8A-689F-423C-B616-278CC77B5CA3}.Debug|Any CPU.Build.0 = Debug|Any CPU
		{A8A81A8A-689F-423C-B616-278CC77B5CA3}.Release|Any CPU.ActiveCfg = Release|Any CPU
		{A8A81A8A-689F-423C-B616-278CC77B5CA3}.Release|Any CPU.Build.0 = Release|Any CPU
		{0DB83326-BE48-4838-B499-9DC086A1F72F}.Debug|Any CPU.ActiveCfg = Debug|Any CPU
		{0DB83326-BE48-4838-B499-9DC086A1F72F}.Debug|Any CPU.Build.0 = Debug|Any CPU
		{0DB83326-BE48-4838-B499-9DC086A1F72F}.Release|Any CPU.ActiveCfg = Release|Any CPU
		{0DB83326-BE48-4838-B499-9DC086A1F72F}.Release|Any CPU.Build.0 = Release|Any CPU
	EndGlobalSection
	GlobalSection(SolutionProperties) = preSolution
		HideSolutionNode = FALSE
	EndGlobalSection
	GlobalSection(ExtensibilityGlobals) = postSolution
		SolutionGuid = {5C3AE329-B7E4-4DAE-8D95-9B68AD40F6BE}
	EndGlobalSection
EndGlobal
